
Microsoft Visual Studio Solution File, Format Version 12.00
# Visual Studio Version 16
VisualStudioVersion = 16.0.29613.14
MinimumVisualStudioVersion = 10.0.40219.1
Project("{FAE04EC0-301F-11D3-BF4B-00C04F79EFBC}") = "Livraria", "Livraria\Livraria.csproj", "{F954B920-BB7B-4F5A-AA17-61B13066F4B6}"
EndProject
Global
	GlobalSection(SolutionConfigurationPlatforms) = preSolution
		Debug|Any CPU = Debug|Any CPU
		Release|Any CPU = Release|Any CPU
	EndGlobalSection
	GlobalSection(ProjectConfigurationPlatforms) = postSolution
		{F954B920-BB7B-4F5A-AA17-61B13066F4B6}.Debug|Any CPU.ActiveCfg = Debug|Any CPU
		{F954B920-BB7B-4F5A-AA17-61B13066F4B6}.Debug|Any CPU.Build.0 = Debug|Any CPU
		{F954B920-BB7B-4F5A-AA17-61B13066F4B6}.Release|Any CPU.ActiveCfg = Release|Any CPU
		{F954B920-BB7B-4F5A-AA17-61B13066F4B6}.Release|Any CPU.Build.0 = Release|Any CPU
	EndGlobalSection
	GlobalSection(SolutionProperties) = preSolution
		HideSolutionNode = FALSE
	EndGlobalSection
	GlobalSection(ExtensibilityGlobals) = postSolution
		SolutionGuid = {F599FDC8-A87C-44B4-8FF4-8A23638E1992}
	EndGlobalSection
EndGlobal
